
Microsoft Visual Studio Solution File, Format Version 12.00
# Visual Studio 15
VisualStudioVersion = 15.0.28010.2048
MinimumVisualStudioVersion = 10.0.40219.1
Project("{FAE04EC0-301F-11D3-BF4B-00C04F79EFBC}") = "BattleGame", "BattleGame\BattleGame.csproj", "{BB6296C3-4518-405D-BC87-F0B4C3E18014}"
EndProject
Global
	GlobalSection(SolutionConfigurationPlatforms) = preSolution
		Debug|Any CPU = Debug|Any CPU
		Release|Any CPU = Release|Any CPU
	EndGlobalSection
	GlobalSection(ProjectConfigurationPlatforms) = postSolution
		{BB6296C3-4518-405D-BC87-F0B4C3E18014}.Debug|Any CPU.ActiveCfg = Debug|Any CPU
		{BB6296C3-4518-405D-BC87-F0B4C3E18014}.Debug|Any CPU.Build.0 = Debug|Any CPU
		{BB6296C3-4518-405D-BC87-F0B4C3E18014}.Release|Any CPU.ActiveCfg = Release|Any CPU
		{BB6296C3-4518-405D-BC87-F0B4C3E18014}.Release|Any CPU.Build.0 = Release|Any CPU
	EndGlobalSection
	GlobalSection(SolutionProperties) = preSolution
		HideSolutionNode = FALSE
	EndGlobalSection
	GlobalSection(ExtensibilityGlobals) = postSolution
		SolutionGuid = {7CACAFD3-7AE8-4BFA-BAFA-02F3658B4B6D}
	EndGlobalSection
EndGlobal
